
Microsoft Visual Studio Solution File, Format Version 12.00
Project("{FAE04EC0-301F-11D3-BF4B-00C04F79EFBC}") = "Server", "Server\Server.csproj", "{3419EC69-6A01-4CDA-A3A6-7473C76278EB}"
EndProject
Project("{FAE04EC0-301F-11D3-BF4B-00C04F79EFBC}") = "Common", "Common\Common.csproj", "{8445ECC3-0B0B-4CE9-9E0B-7221CD7997B1}"
EndProject
Project("{FAE04EC0-301F-11D3-BF4B-00C04F79EFBC}") = "FacebookChat", "Chats\FacebookChat\FacebookChat.csproj", "{FF8999C9-D1F3-45FA-BEDD-F27801725456}"
EndProject
Project("{FAE04EC0-301F-11D3-BF4B-00C04F79EFBC}") = "GoogleChat", "Chats\GoogleChat\GoogleChat.csproj", "{862D4ED9-F31A-4BBE-8D74-66C3C3D77A27}"
EndProject
Project("{FAE04EC0-301F-11D3-BF4B-00C04F79EFBC}") = "XMPPChat", "Chats\XMPPChat\XMPPChat.csproj", "{6905AD4B-844B-4EBA-8298-4214827AF7EA}"
EndProject
Project("{FAE04EC0-301F-11D3-BF4B-00C04F79EFBC}") = "WhatsAppChat", "Chats\WhatsAppChat\WhatsAppChat.csproj", "{A6388A96-3A53-43A0-B214-D2D7C5A08852}"
EndProject
Project("{2150E333-8FDC-42A3-9474-1A3956D46DE8}") = "Chats", "Chats", "{A504373F-3963-4CBB-B70B-D43DFFC74367}"
EndProject
Global
	GlobalSection(SolutionConfigurationPlatforms) = preSolution
		Debug|Any CPU = Debug|Any CPU
		Release|Any CPU = Release|Any CPU
	EndGlobalSection
	GlobalSection(ProjectConfigurationPlatforms) = postSolution
		{3419EC69-6A01-4CDA-A3A6-7473C76278EB}.Debug|Any CPU.ActiveCfg = Debug|Any CPU
		{3419EC69-6A01-4CDA-A3A6-7473C76278EB}.Debug|Any CPU.Build.0 = Debug|Any CPU
		{3419EC69-6A01-4CDA-A3A6-7473C76278EB}.Release|Any CPU.ActiveCfg = Release|Any CPU
		{3419EC69-6A01-4CDA-A3A6-7473C76278EB}.Release|Any CPU.Build.0 = Release|Any CPU
		{8445ECC3-0B0B-4CE9-9E0B-7221CD7997B1}.Debug|Any CPU.ActiveCfg = Debug|Any CPU
		{8445ECC3-0B0B-4CE9-9E0B-7221CD7997B1}.Debug|Any CPU.Build.0 = Debug|Any CPU
		{8445ECC3-0B0B-4CE9-9E0B-7221CD7997B1}.Release|Any CPU.ActiveCfg = Release|Any CPU
		{8445ECC3-0B0B-4CE9-9E0B-7221CD7997B1}.Release|Any CPU.Build.0 = Release|Any CPU
		{FF8999C9-D1F3-45FA-BEDD-F27801725456}.Debug|Any CPU.ActiveCfg = Debug|Any CPU
		{FF8999C9-D1F3-45FA-BEDD-F27801725456}.Debug|Any CPU.Build.0 = Debug|Any CPU
		{FF8999C9-D1F3-45FA-BEDD-F27801725456}.Release|Any CPU.ActiveCfg = Release|Any CPU
		{FF8999C9-D1F3-45FA-BEDD-F27801725456}.Release|Any CPU.Build.0 = Release|Any CPU
		{862D4ED9-F31A-4BBE-8D74-66C3C3D77A27}.Debug|Any CPU.ActiveCfg = Debug|Any CPU
		{862D4ED9-F31A-4BBE-8D74-66C3C3D77A27}.Debug|Any CPU.Build.0 = Debug|Any CPU
		{862D4ED9-F31A-4BBE-8D74-66C3C3D77A27}.Release|Any CPU.ActiveCfg = Release|Any CPU
		{862D4ED9-F31A-4BBE-8D74-66C3C3D77A27}.Release|Any CPU.Build.0 = Release|Any CPU
		{6905AD4B-844B-4EBA-8298-4214827AF7EA}.Debug|Any CPU.ActiveCfg = Debug|Any CPU
		{6905AD4B-844B-4EBA-8298-4214827AF7EA}.Debug|Any CPU.Build.0 = Debug|Any CPU
		{6905AD4B-844B-4EBA-8298-4214827AF7EA}.Release|Any CPU.ActiveCfg = Release|Any CPU
		{6905AD4B-844B-4EBA-8298-4214827AF7EA}.Release|Any CPU.Build.0 = Release|Any CPU
		{A6388A96-3A53-43A0-B214-D2D7C5A08852}.Debug|Any CPU.ActiveCfg = Debug|Any CPU
		{A6388A96-3A53-43A0-B214-D2D7C5A08852}.Debug|Any CPU.Build.0 = Debug|Any CPU
		{A6388A96-3A53-43A0-B214-D2D7C5A08852}.Release|Any CPU.ActiveCfg = Release|Any CPU
		{A6388A96-3A53-43A0-B214-D2D7C5A08852}.Release|Any CPU.Build.0 = Release|Any CPU
	EndGlobalSection
	GlobalSection(NestedProjects) = preSolution
		{FF8999C9-D1F3-45FA-BEDD-F27801725456} = {A504373F-3963-4CBB-B70B-D43DFFC74367}
		{862D4ED9-F31A-4BBE-8D74-66C3C3D77A27} = {A504373F-3963-4CBB-B70B-D43DFFC74367}
		{6905AD4B-844B-4EBA-8298-4214827AF7EA} = {A504373F-3963-4CBB-B70B-D43DFFC74367}
		{A6388A96-3A53-43A0-B214-D2D7C5A08852} = {A504373F-3963-4CBB-B70B-D43DFFC74367}
	EndGlobalSection
EndGlobal
